
Microsoft Visual Studio Solution File, Format Version 12.00
# Visual Studio Version 16
VisualStudioVersion = 16.0.30128.74
MinimumVisualStudioVersion = 10.0.40219.1
Project("{9A19103F-16F7-4668-BE54-9A1E7A4F7556}") = "HymneALaGastronomie", "HymneALaGastronomie\HymneALaGastronomie.csproj", "{8DA46BEE-00AF-417D-9685-DA625730597D}"
EndProject
Project("{9A19103F-16F7-4668-BE54-9A1E7A4F7556}") = "HymneALaGastronomie.CoreBusiness", "HymneALaGastronomie.CoreBusiness\HymneALaGastronomie.CoreBusiness.csproj", "{BE214765-FD04-43A4-98EB-EB2F6A7A0F6A}"
EndProject
Project("{9A19103F-16F7-4668-BE54-9A1E7A4F7556}") = "HymneALaGastronomie.Data", "HymneALaGastronomie.Data\HymneALaGastronomie.Data.csproj", "{4A1452C4-CD20-4E85-9C9C-EE6CA40F021F}"
EndProject
Global
	GlobalSection(SolutionConfigurationPlatforms) = preSolution
		Debug|Any CPU = Debug|Any CPU
		Release|Any CPU = Release|Any CPU
	EndGlobalSection
	GlobalSection(ProjectConfigurationPlatforms) = postSolution
		{8DA46BEE-00AF-417D-9685-DA625730597D}.Debug|Any CPU.ActiveCfg = Debug|Any CPU
		{8DA46BEE-00AF-417D-9685-DA625730597D}.Debug|Any CPU.Build.0 = Debug|Any CPU
		{8DA46BEE-00AF-417D-9685-DA625730597D}.Release|Any CPU.ActiveCfg = Release|Any CPU
		{8DA46BEE-00AF-417D-9685-DA625730597D}.Release|Any CPU.Build.0 = Release|Any CPU
		{BE214765-FD04-43A4-98EB-EB2F6A7A0F6A}.Debug|Any CPU.ActiveCfg = Debug|Any CPU
		{BE214765-FD04-43A4-98EB-EB2F6A7A0F6A}.Debug|Any CPU.Build.0 = Debug|Any CPU
		{BE214765-FD04-43A4-98EB-EB2F6A7A0F6A}.Release|Any CPU.ActiveCfg = Release|Any CPU
		{BE214765-FD04-43A4-98EB-EB2F6A7A0F6A}.Release|Any CPU.Build.0 = Release|Any CPU
		{4A1452C4-CD20-4E85-9C9C-EE6CA40F021F}.Debug|Any CPU.ActiveCfg = Debug|Any CPU
		{4A1452C4-CD20-4E85-9C9C-EE6CA40F021F}.Debug|Any CPU.Build.0 = Debug|Any CPU
		{4A1452C4-CD20-4E85-9C9C-EE6CA40F021F}.Release|Any CPU.ActiveCfg = Release|Any CPU
		{4A1452C4-CD20-4E85-9C9C-EE6CA40F021F}.Release|Any CPU.Build.0 = Release|Any CPU
	EndGlobalSection
	GlobalSection(SolutionProperties) = preSolution
		HideSolutionNode = FALSE
	EndGlobalSection
	GlobalSection(ExtensibilityGlobals) = postSolution
		SolutionGuid = {B704F0D8-695A-4312-85EB-8D69B746B486}
	EndGlobalSection
EndGlobal
